{
  "name": "driving-school-dsi",
  "lockfileVersion": 3,
  "requires": true,
  "packages": {
    "": {
      "dependencies": {
        "@google/generative-ai": "^0.24.1",
        "@openrouter/agent": "^0.4.0",
        "zod": "^4.4.2"
      }
    },
    "node_modules/@google/generative-ai": {
      "version": "0.24.1",
      "resolved": "https://registry.npmjs.org/@google/generative-ai/-/generative-ai-0.24.1.tgz",
      "integrity": "sha512-MqO+MLfM6kjxcKoy0p1wRzG3b4ZZXtPI+z2IE26UogS2Cm/XHO+7gGRBh6gcJsOiIVoH93UwKvW4HdgiOZCy9Q==",
      "license": "Apache-2.0",
      "engines": {
        "node": ">=18.0.0"
      }
    },
    "node_modules/@openrouter/agent": {
      "version": "0.4.0",
      "resolved": "https://registry.npmjs.org/@openrouter/agent/-/agent-0.4.0.tgz",
      "integrity": "sha512-at/vbDFdWm2+iUYEw63gVMc1dt3zMW+WWOUofrMmouxi6GdY05pR3gyUGLAIgQYjeAnfK2gWIop/idt/tBCw4A==",
      "license": "Apache-2.0",
      "dependencies": {
        "@openrouter/sdk": "^0.12.12",
        "zod": "^4.0.0"
      }
    },
    "node_modules/@openrouter/sdk": {
      "version": "0.12.24",
      "resolved": "https://registry.npmjs.org/@openrouter/sdk/-/sdk-0.12.24.tgz",
      "integrity": "sha512-pHybqvkWZUvg/uM99+ShHgDKg/iA3MU2MZdlZvoenmK/3cnG6jW1zROb+tyd6iEAZwcqb2+2QoahgLbJgo/9Sw==",
      "hasInstallScript": true,
      "license": "Apache-2.0",
      "dependencies": {
        "zod": "^3.25.0 || ^4.0.0"
      }
    },
    "node_modules/zod": {
      "version": "4.4.2",
      "resolved": "https://registry.npmjs.org/zod/-/zod-4.4.2.tgz",
      "integrity": "sha512-IynmDyxsEsb9RKzO3J9+4SxXnl2FTFSzNBaKKaMV6tsSk0rw9gYw9gs+JFCq/qk2LCZ78KDwyj+Z289TijSkUw==",
      "license": "MIT",
      "funding": {
        "url": "https://github.com/sponsors/colinhacks"
      }
    }
  }
}
